PATH
  remote: .
  specs:
    rong (0.2.5)
      rong-client (~> 0.2.4)
      rong-elements (~> 0.2.2)
      rong-server (~> 0.2.1)
    rong-client (0.2.4)
      gosu (~> 0.7.28)
      rong-elements (~> 0.2.2)
    rong-elements (0.2.2)

GEM
  remote: http://rubygems.org/
  specs:
    gosu (0.7.40)
    rong-server (0.2.2)
      rong-elements (~> 0.2.2)

PLATFORMS
  ruby

DEPENDENCIES
  rong!
